
Microsoft Visual Studio Solution File, Format Version 12.00
# Visual Studio Version 17
VisualStudioVersion = 17.0.32112.339
MinimumVisualStudioVersion = 10.0.40219.1
Project("{D954291E-2A0B-460D-934E-DC6B0785DB48}") = "App19.Shared", "App19.Shared\App19.Shared.shproj", "{6279C845-92F8-4333-AB99-3D213163593C}"
EndProject
Project("{2150E333-8FDC-42A3-9474-1A3956D46DE8}") = "Platforms", "Platforms", "{0239D11B-C5FB-486D-8079-BA7A336D3C92}"
EndProject
Project("{FAE04EC0-301F-11D3-BF4B-00C04F79EFBC}") = "App19.Droid", "App19.Droid\App19.Droid.csproj", "{8429EDB0-1EB7-4265-AD95-23F7379E3B39}"
EndProject
Project("{FAE04EC0-301F-11D3-BF4B-00C04F79EFBC}") = "App19.iOS", "App19.iOS\App19.iOS.csproj", "{E324861F-4228-4791-867F-96257206311D}"
EndProject
Project("{FAE04EC0-301F-11D3-BF4B-00C04F79EFBC}") = "App19.UWP", "App19.UWP\App19.UWP.csproj", "{F35D0AD7-4DE7-4931-8493-D1879052961C}"
EndProject
Project("{FAE04EC0-301F-11D3-BF4B-00C04F79EFBC}") = "App19.Wasm", "App19.Wasm\App19.Wasm.csproj", "{A28537A4-64FF-4F45-9805-626391BC6648}"
EndProject
Project("{FAE04EC0-301F-11D3-BF4B-00C04F79EFBC}") = "App19.macOS", "App19.macOS\App19.macOS.csproj", "{4FF671EB-EBB5-43C8-B550-F7F551FD4408}"
EndProject
Project("{FAE04EC0-301F-11D3-BF4B-00C04F79EFBC}") = "App19.Skia.Wpf.Host", "App19.Skia.Wpf.Host\App19.Skia.Wpf.Host.csproj", "{0C1C8E66-B5A7-431A-B38B-DB7FF1F5977E}"
EndProject
Project("{FAE04EC0-301F-11D3-BF4B-00C04F79EFBC}") = "App19.Skia.Wpf", "App19.Skia.Wpf\App19.Skia.Wpf.csproj", "{78AE429C-9BE3-49F0-A795-83C71D03C02D}"
EndProject
Project("{FAE04EC0-301F-11D3-BF4B-00C04F79EFBC}") = "App19.Skia.Gtk", "App19.Skia.Gtk\App19.Skia.Gtk.csproj", "{DEAF6839-EDCE-47A2-B7C6-EC5B9D33AE68}"
EndProject
Project("{FAE04EC0-301F-11D3-BF4B-00C04F79EFBC}") = "App19.Skia.Tizen", "App19.Skia.Tizen\App19.Skia.Tizen.csproj", "{08B646AA-1CA7-42B1-AFC2-0AD4E1635B28}"
EndProject
Global
	GlobalSection(SharedMSBuildProjectFiles) = preSolution
		App19.Shared\App19.Shared.projitems*{08b646aa-1ca7-42b1-afc2-0ad4e1635b28}*SharedItemsImports = 5
		App19.Shared\App19.Shared.projitems*{4ff671eb-ebb5-43c8-b550-f7f551fd4408}*SharedItemsImports = 4
		App19.Shared\App19.Shared.projitems*{6279c845-92f8-4333-ab99-3d213163593c}*SharedItemsImports = 13
		App19.Shared\App19.Shared.projitems*{78ae429c-9be3-49f0-a795-83c71d03c02d}*SharedItemsImports = 5
		App19.Shared\App19.Shared.projitems*{8429edb0-1eb7-4265-ad95-23f7379e3b39}*SharedItemsImports = 4
		App19.Shared\App19.Shared.projitems*{a28537a4-64ff-4f45-9805-626391bc6648}*SharedItemsImports = 5
		App19.Shared\App19.Shared.projitems*{deaf6839-edce-47a2-b7c6-ec5b9d33ae68}*SharedItemsImports = 5
		App19.Shared\App19.Shared.projitems*{e324861f-4228-4791-867f-96257206311d}*SharedItemsImports = 4
		App19.Shared\App19.Shared.projitems*{f35d0ad7-4de7-4931-8493-d1879052961c}*SharedItemsImports = 4
	EndGlobalSection
	GlobalSection(SolutionConfigurationPlatforms) = preSolution
		Ad-Hoc|Any CPU = Ad-Hoc|Any CPU
		Ad-Hoc|ARM = Ad-Hoc|ARM
		Ad-Hoc|ARM64 = Ad-Hoc|ARM64
		Ad-Hoc|iPhone = Ad-Hoc|iPhone
		Ad-Hoc|iPhoneSimulator = Ad-Hoc|iPhoneSimulator
		Ad-Hoc|x64 = Ad-Hoc|x64
		Ad-Hoc|x86 = Ad-Hoc|x86
		AppStore|Any CPU = AppStore|Any CPU
		AppStore|ARM = AppStore|ARM
		AppStore|ARM64 = AppStore|ARM64
		AppStore|iPhone = AppStore|iPhone
		AppStore|iPhoneSimulator = AppStore|iPhoneSimulator
		AppStore|x64 = AppStore|x64
		AppStore|x86 = AppStore|x86
		Debug|Any CPU = Debug|Any CPU
		Debug|ARM = Debug|ARM
		Debug|ARM64 = Debug|ARM64
		Debug|iPhone = Debug|iPhone
		Debug|iPhoneSimulator = Debug|iPhoneSimulator
		Debug|x64 = Debug|x64
		Debug|x86 = Debug|x86
		Release|Any CPU = Release|Any CPU
		Release|ARM = Release|ARM
		Release|ARM64 = Release|ARM64
		Release|iPhone = Release|iPhone
		Release|iPhoneSimulator = Release|iPhoneSimulator
		Release|x64 = Release|x64
		Release|x86 = Release|x86
	EndGlobalSection
	GlobalSection(ProjectConfigurationPlatforms) = postSolution
		{8429EDB0-1EB7-4265-AD95-23F7379E3B39}.Ad-Hoc|Any CPU.ActiveCfg = Debug|Any CPU
		{8429EDB0-1EB7-4265-AD95-23F7379E3B39}.Ad-Hoc|Any CPU.Build.0 = Debug|Any CPU
		{8429EDB0-1EB7-4265-AD95-23F7379E3B39}.Ad-Hoc|Any CPU.Deploy.0 = Debug|Any CPU
		{8429EDB0-1EB7-4265-AD95-23F7379E3B39}.Ad-Hoc|ARM.ActiveCfg = Debug|Any CPU
		{8429EDB0-1EB7-4265-AD95-23F7379E3B39}.Ad-Hoc|ARM.Build.0 = Debug|Any CPU
		{8429EDB0-1EB7-4265-AD95-23F7379E3B39}.Ad-Hoc|ARM.Deploy.0 = Debug|Any CPU
		{8429EDB0-1EB7-4265-AD95-23F7379E3B39}.Ad-Hoc|ARM64.ActiveCfg = Debug|Any CPU
		{8429EDB0-1EB7-4265-AD95-23F7379E3B39}.Ad-Hoc|ARM64.Build.0 = Debug|Any CPU
		{8429EDB0-1EB7-4265-AD95-23F7379E3B39}.Ad-Hoc|ARM64.Deploy.0 = Debug|Any CPU
		{8429EDB0-1EB7-4265-AD95-23F7379E3B39}.Ad-Hoc|iPhone.ActiveCfg = Debug|Any CPU
		{8429EDB0-1EB7-4265-AD95-23F7379E3B39}.Ad-Hoc|iPhone.Build.0 = Debug|Any CPU
		{8429EDB0-1EB7-4265-AD95-23F7379E3B39}.Ad-Hoc|iPhone.Deploy.0 = Debug|Any CPU
		{8429EDB0-1EB7-4265-AD95-23F7379E3B39}.Ad-Hoc|iPhoneSimulator.ActiveCfg = Debug|Any CPU
		{8429EDB0-1EB7-4265-AD95-23F7379E3B39}.Ad-Hoc|iPhoneSimulator.Build.0 = Debug|Any CPU
		{8429EDB0-1EB7-4265-AD95-23F7379E3B39}.Ad-Hoc|iPhoneSimulator.Deploy.0 = Debug|Any CPU
		{8429EDB0-1EB7-4265-AD95-23F7379E3B39}.Ad-Hoc|x64.ActiveCfg = Debug|Any CPU
		{8429EDB0-1EB7-4265-AD95-23F7379E3B39}.Ad-Hoc|x64.Build.0 = Debug|Any CPU
		{8429EDB0-1EB7-4265-AD95-23F7379E3B39}.Ad-Hoc|x64.Deploy.0 = Debug|Any CPU
		{8429EDB0-1EB7-4265-AD95-23F7379E3B39}.Ad-Hoc|x86.ActiveCfg = Debug|Any CPU
		{8429EDB0-1EB7-4265-AD95-23F7379E3B39}.Ad-Hoc|x86.Build.0 = Debug|Any CPU
		{8429EDB0-1EB7-4265-AD95-23F7379E3B39}.Ad-Hoc|x86.Deploy.0 = Debug|Any CPU
		{8429EDB0-1EB7-4265-AD95-23F7379E3B39}.AppStore|Any CPU.ActiveCfg = Debug|Any CPU
		{8429EDB0-1EB7-4265-AD95-23F7379E3B39}.AppStore|Any CPU.Build.0 = Debug|Any CPU
		{8429EDB0-1EB7-4265-AD95-23F7379E3B39}.AppStore|Any CPU.Deploy.0 = Debug|Any CPU
		{8429EDB0-1EB7-4265-AD95-23F7379E3B39}.AppStore|ARM.ActiveCfg = Debug|Any CPU
		{8429EDB0-1EB7-4265-AD95-23F7379E3B39}.AppStore|ARM.Build.0 = Debug|Any CPU
		{8429EDB0-1EB7-4265-AD95-23F7379E3B39}.AppStore|ARM.Deploy.0 = Debug|Any CPU
		{8429EDB0-1EB7-4265-AD95-23F7379E3B39}.AppStore|ARM64.ActiveCfg = Debug|Any CPU
		{8429EDB0-1EB7-4265-AD95-23F7379E3B39}.AppStore|ARM64.Build.0 = Debug|Any CPU
		{8429EDB0-1EB7-4265-AD95-23F7379E3B39}.AppStore|ARM64.Deploy.0 = Debug|Any CPU
		{8429EDB0-1EB7-4265-AD95-23F7379E3B39}.AppStore|iPhone.ActiveCfg = Debug|Any CPU
		{8429EDB0-1EB7-4265-AD95-23F7379E3B39}.AppStore|iPhone.Build.0 = Debug|Any CPU
		{8429EDB0-1EB7-4265-AD95-23F7379E3B39}.AppStore|iPhone.Deploy.0 = Debug|Any CPU
		{8429EDB0-1EB7-4265-AD95-23F7379E3B39}.AppStore|iPhoneSimulator.ActiveCfg = Debug|Any CPU
		{8429EDB0-1EB7-4265-AD95-23F7379E3B39}.AppStore|iPhoneSimulator.Build.0 = Debug|Any CPU
		{8429EDB0-1EB7-4265-AD95-23F7379E3B39}.AppStore|iPhoneSimulator.Deploy.0 = Debug|Any CPU
		{8429EDB0-1EB7-4265-AD95-23F7379E3B39}.AppStore|x64.ActiveCfg = Debug|Any CPU
		{8429EDB0-1EB7-4265-AD95-23F7379E3B39}.AppStore|x64.Build.0 = Debug|Any CPU
		{8429EDB0-1EB7-4265-AD95-23F7379E3B39}.AppStore|x64.Deploy.0 = Debug|Any CPU
		{8429EDB0-1EB7-4265-AD95-23F7379E3B39}.AppStore|x86.ActiveCfg = Debug|Any CPU
		{8429EDB0-1EB7-4265-AD95-23F7379E3B39}.AppStore|x86.Build.0 = Debug|Any CPU
		{8429EDB0-1EB7-4265-AD95-23F7379E3B39}.AppStore|x86.Deploy.0 = Debug|Any CPU
		{8429EDB0-1EB7-4265-AD95-23F7379E3B39}.Debug|Any CPU.ActiveCfg = Debug|Any CPU
		{8429EDB0-1EB7-4265-AD95-23F7379E3B39}.Debug|Any CPU.Build.0 = Debug|Any CPU
		{8429EDB0-1EB7-4265-AD95-23F7379E3B39}.Debug|Any CPU.Deploy.0 = Debug|Any CPU
		{8429EDB0-1EB7-4265-AD95-23F7379E3B39}.Debug|ARM.ActiveCfg = Debug|Any CPU
		{8429EDB0-1EB7-4265-AD95-23F7379E3B39}.Debug|ARM.Build.0 = Debug|Any CPU
		{8429EDB0-1EB7-4265-AD95-23F7379E3B39}.Debug|ARM.Deploy.0 = Debug|Any CPU
		{8429EDB0-1EB7-4265-AD95-23F7379E3B39}.Debug|ARM64.ActiveCfg = Debug|Any CPU
		{8429EDB0-1EB7-4265-AD95-23F7379E3B39}.Debug|ARM64.Build.0 = Debug|Any CPU
		{8429EDB0-1EB7-4265-AD95-23F7379E3B39}.Debug|ARM64.Deploy.0 = Debug|Any CPU
		{8429EDB0-1EB7-4265-AD95-23F7379E3B39}.Debug|iPhone.ActiveCfg = Debug|Any CPU
		{8429EDB0-1EB7-4265-AD95-23F7379E3B39}.Debug|iPhone.Build.0 = Debug|Any CPU
		{8429EDB0-1EB7-4265-AD95-23F7379E3B39}.Debug|iPhone.Deploy.0 = Debug|Any CPU
		{8429EDB0-1EB7-4265-AD95-23F7379E3B39}.Debug|iPhoneSimulator.ActiveCfg = Debug|Any CPU
		{8429EDB0-1EB7-4265-AD95-23F7379E3B39}.Debug|iPhoneSimulator.Build.0 = Debug|Any CPU
		{8429EDB0-1EB7-4265-AD95-23F7379E3B39}.Debug|iPhoneSimulator.Deploy.0 = Debug|Any CPU
		{8429EDB0-1EB7-4265-AD95-23F7379E3B39}.Debug|x64.ActiveCfg = Debug|Any CPU
		{8429EDB0-1EB7-4265-AD95-23F7379E3B39}.Debug|x64.Build.0 = Debug|Any CPU
		{8429EDB0-1EB7-4265-AD95-23F7379E3B39}.Debug|x64.Deploy.0 = Debug|Any CPU
		{8429EDB0-1EB7-4265-AD95-23F7379E3B39}.Debug|x86.ActiveCfg = Debug|Any CPU
		{8429EDB0-1EB7-4265-AD95-23F7379E3B39}.Debug|x86.Build.0 = Debug|Any CPU
		{8429EDB0-1EB7-4265-AD95-23F7379E3B39}.Debug|x86.Deploy.0 = Debug|Any CPU
		{8429EDB0-1EB7-4265-AD95-23F7379E3B39}.Release|Any CPU.ActiveCfg = Release|Any CPU
		{8429EDB0-1EB7-4265-AD95-23F7379E3B39}.Release|Any CPU.Build.0 = Release|Any CPU
		{8429EDB0-1EB7-4265-AD95-23F7379E3B39}.Release|Any CPU.Deploy.0 = Release|Any CPU
		{8429EDB0-1EB7-4265-AD95-23F7379E3B39}.Release|ARM.ActiveCfg = Release|Any CPU
		{8429EDB0-1EB7-4265-AD95-23F7379E3B39}.Release|ARM.Build.0 = Release|Any CPU
		{8429EDB0-1EB7-4265-AD95-23F7379E3B39}.Release|ARM.Deploy.0 = Release|Any CPU
		{8429EDB0-1EB7-4265-AD95-23F7379E3B39}.Release|ARM64.ActiveCfg = Release|Any CPU
		{8429EDB0-1EB7-4265-AD95-23F7379E3B39}.Release|ARM64.Build.0 = Release|Any CPU
		{8429EDB0-1EB7-4265-AD95-23F7379E3B39}.Release|ARM64.Deploy.0 = Release|Any CPU
		{8429EDB0-1EB7-4265-AD95-23F7379E3B39}.Release|iPhone.ActiveCfg = Release|Any CPU
		{8429EDB0-1EB7-4265-AD95-23F7379E3B39}.Release|iPhone.Build.0 = Release|Any CPU
		{8429EDB0-1EB7-4265-AD95-23F7379E3B39}.Release|iPhone.Deploy.0 = Release|Any CPU
		{8429EDB0-1EB7-4265-AD95-23F7379E3B39}.Release|iPhoneSimulator.ActiveCfg = Release|Any CPU
		{8429EDB0-1EB7-4265-AD95-23F7379E3B39}.Release|iPhoneSimulator.Build.0 = Release|Any CPU
		{8429EDB0-1EB7-4265-AD95-23F7379E3B39}.Release|iPhoneSimulator.Deploy.0 = Release|Any CPU
		{8429EDB0-1EB7-4265-AD95-23F7379E3B39}.Release|x64.ActiveCfg = Release|Any CPU
		{8429EDB0-1EB7-4265-AD95-23F7379E3B39}.Release|x64.Build.0 = Release|Any CPU
		{8429EDB0-1EB7-4265-AD95-23F7379E3B39}.Release|x64.Deploy.0 = Release|Any CPU
		{8429EDB0-1EB7-4265-AD95-23F7379E3B39}.Release|x86.ActiveCfg = Release|Any CPU
		{8429EDB0-1EB7-4265-AD95-23F7379E3B39}.Release|x86.Build.0 = Release|Any CPU
		{8429EDB0-1EB7-4265-AD95-23F7379E3B39}.Release|x86.Deploy.0 = Release|Any CPU
		{E324861F-4228-4791-867F-96257206311D}.Ad-Hoc|Any CPU.ActiveCfg = Ad-Hoc|iPhoneSimulator
		{E324861F-4228-4791-867F-96257206311D}.Ad-Hoc|Any CPU.Build.0 = Ad-Hoc|iPhoneSimulator
		{E324861F-4228-4791-867F-96257206311D}.Ad-Hoc|ARM.ActiveCfg = Ad-Hoc|iPhoneSimulator
		{E324861F-4228-4791-867F-96257206311D}.Ad-Hoc|ARM.Build.0 = Ad-Hoc|iPhoneSimulator
		{E324861F-4228-4791-867F-96257206311D}.Ad-Hoc|ARM64.ActiveCfg = Ad-Hoc|iPhoneSimulator
		{E324861F-4228-4791-867F-96257206311D}.Ad-Hoc|ARM64.Build.0 = Ad-Hoc|iPhoneSimulator
		{E324861F-4228-4791-867F-96257206311D}.Ad-Hoc|iPhone.ActiveCfg = Ad-Hoc|iPhone
		{E324861F-4228-4791-867F-96257206311D}.Ad-Hoc|iPhone.Build.0 = Ad-Hoc|iPhone
		{E324861F-4228-4791-867F-96257206311D}.Ad-Hoc|iPhoneSimulator.ActiveCfg = Ad-Hoc|iPhoneSimulator
		{E324861F-4228-4791-867F-96257206311D}.Ad-Hoc|iPhoneSimulator.Build.0 = Ad-Hoc|iPhoneSimulator
		{E324861F-4228-4791-867F-96257206311D}.Ad-Hoc|x64.ActiveCfg = Ad-Hoc|iPhoneSimulator
		{E324861F-4228-4791-867F-96257206311D}.Ad-Hoc|x64.Build.0 = Ad-Hoc|iPhoneSimulator
		{E324861F-4228-4791-867F-96257206311D}.Ad-Hoc|x86.ActiveCfg = Ad-Hoc|iPhoneSimulator
		{E324861F-4228-4791-867F-96257206311D}.Ad-Hoc|x86.Build.0 = Ad-Hoc|iPhoneSimulator
		{E324861F-4228-4791-867F-96257206311D}.AppStore|Any CPU.ActiveCfg = AppStore|iPhoneSimulator
		{E324861F-4228-4791-867F-96257206311D}.AppStore|Any CPU.Build.0 = AppStore|iPhoneSimulator
		{E324861F-4228-4791-867F-96257206311D}.AppStore|ARM.ActiveCfg = AppStore|iPhoneSimulator
		{E324861F-4228-4791-867F-96257206311D}.AppStore|ARM.Build.0 = AppStore|iPhoneSimulator
		{E324861F-4228-4791-867F-96257206311D}.AppStore|ARM64.ActiveCfg = AppStore|iPhoneSimulator
		{E324861F-4228-4791-867F-96257206311D}.AppStore|ARM64.Build.0 = AppStore|iPhoneSimulator
		{E324861F-4228-4791-867F-96257206311D}.AppStore|iPhone.ActiveCfg = AppStore|iPhone
		{E324861F-4228-4791-867F-96257206311D}.AppStore|iPhone.Build.0 = AppStore|iPhone
		{E324861F-4228-4791-867F-96257206311D}.AppStore|iPhoneSimulator.ActiveCfg = AppStore|iPhoneSimulator
		{E324861F-4228-4791-867F-96257206311D}.AppStore|iPhoneSimulator.Build.0 = AppStore|iPhoneSimulator
		{E324861F-4228-4791-867F-96257206311D}.AppStore|x64.ActiveCfg = AppStore|iPhoneSimulator
		{E324861F-4228-4791-867F-96257206311D}.AppStore|x64.Build.0 = AppStore|iPhoneSimulator
		{E324861F-4228-4791-867F-96257206311D}.AppStore|x86.ActiveCfg = AppStore|iPhoneSimulator
		{E324861F-4228-4791-867F-96257206311D}.AppStore|x86.Build.0 = AppStore|iPhoneSimulator
		{E324861F-4228-4791-867F-96257206311D}.Debug|Any CPU.ActiveCfg = Debug|iPhoneSimulator
		{E324861F-4228-4791-867F-96257206311D}.Debug|Any CPU.Build.0 = Debug|iPhoneSimulator
		{E324861F-4228-4791-867F-96257206311D}.Debug|ARM.ActiveCfg = Debug|iPhoneSimulator
		{E324861F-4228-4791-867F-96257206311D}.Debug|ARM.Build.0 = Debug|iPhoneSimulator
		{E324861F-4228-4791-867F-96257206311D}.Debug|ARM64.ActiveCfg = Debug|iPhoneSimulator
		{E324861F-4228-4791-867F-96257206311D}.Debug|ARM64.Build.0 = Debug|iPhoneSimulator
		{E324861F-4228-4791-867F-96257206311D}.Debug|iPhone.ActiveCfg = Debug|iPhone
		{E324861F-4228-4791-867F-96257206311D}.Debug|iPhone.Build.0 = Debug|iPhone
		{E324861F-4228-4791-867F-96257206311D}.Debug|iPhoneSimulator.ActiveCfg = Debug|iPhoneSimulator
		{E324861F-4228-4791-867F-96257206311D}.Debug|iPhoneSimulator.Build.0 = Debug|iPhoneSimulator
		{E324861F-4228-4791-867F-96257206311D}.Debug|x64.ActiveCfg = Debug|iPhoneSimulator
		{E324861F-4228-4791-867F-96257206311D}.Debug|x64.Build.0 = Debug|iPhoneSimulator
		{E324861F-4228-4791-867F-96257206311D}.Debug|x86.ActiveCfg = Debug|iPhoneSimulator
		{E324861F-4228-4791-867F-96257206311D}.Debug|x86.Build.0 = Debug|iPhoneSimulator
		{E324861F-4228-4791-867F-96257206311D}.Release|Any CPU.ActiveCfg = Release|iPhoneSimulator
		{E324861F-4228-4791-867F-96257206311D}.Release|Any CPU.Build.0 = Release|iPhoneSimulator
		{E324861F-4228-4791-867F-96257206311D}.Release|ARM.ActiveCfg = Release|iPhoneSimulator
		{E324861F-4228-4791-867F-96257206311D}.Release|ARM.Build.0 = Release|iPhoneSimulator
		{E324861F-4228-4791-867F-96257206311D}.Release|ARM64.ActiveCfg = Release|iPhoneSimulator
		{E324861F-4228-4791-867F-96257206311D}.Release|ARM64.Build.0 = Release|iPhoneSimulator
		{E324861F-4228-4791-867F-96257206311D}.Release|iPhone.ActiveCfg = Release|iPhone
		{E324861F-4228-4791-867F-96257206311D}.Release|iPhone.Build.0 = Release|iPhone
		{E324861F-4228-4791-867F-96257206311D}.Release|iPhoneSimulator.ActiveCfg = Release|iPhoneSimulator
		{E324861F-4228-4791-867F-96257206311D}.Release|iPhoneSimulator.Build.0 = Release|iPhoneSimulator
		{E324861F-4228-4791-867F-96257206311D}.Release|x64.ActiveCfg = Release|iPhoneSimulator
		{E324861F-4228-4791-867F-96257206311D}.Release|x64.Build.0 = Release|iPhoneSimulator
		{E324861F-4228-4791-867F-96257206311D}.Release|x86.ActiveCfg = Release|iPhoneSimulator
		{E324861F-4228-4791-867F-96257206311D}.Release|x86.Build.0 = Release|iPhoneSimulator
		{F35D0AD7-4DE7-4931-8493-D1879052961C}.Ad-Hoc|Any CPU.ActiveCfg = Debug|x86
		{F35D0AD7-4DE7-4931-8493-D1879052961C}.Ad-Hoc|Any CPU.Build.0 = Debug|x86
		{F35D0AD7-4DE7-4931-8493-D1879052961C}.Ad-Hoc|Any CPU.Deploy.0 = Debug|x86
		{F35D0AD7-4DE7-4931-8493-D1879052961C}.Ad-Hoc|ARM.ActiveCfg = Debug|ARM
		{F35D0AD7-4DE7-4931-8493-D1879052961C}.Ad-Hoc|ARM.Build.0 = Debug|ARM
		{F35D0AD7-4DE7-4931-8493-D1879052961C}.Ad-Hoc|ARM.Deploy.0 = Debug|ARM
		{F35D0AD7-4DE7-4931-8493-D1879052961C}.Ad-Hoc|ARM64.ActiveCfg = Debug|ARM64
		{F35D0AD7-4DE7-4931-8493-D1879052961C}.Ad-Hoc|ARM64.Build.0 = Debug|ARM64
		{F35D0AD7-4DE7-4931-8493-D1879052961C}.Ad-Hoc|ARM64.Deploy.0 = Debug|ARM64
		{F35D0AD7-4DE7-4931-8493-D1879052961C}.Ad-Hoc|iPhone.ActiveCfg = Debug|x86
		{F35D0AD7-4DE7-4931-8493-D1879052961C}.Ad-Hoc|iPhone.Build.0 = Debug|x86
		{F35D0AD7-4DE7-4931-8493-D1879052961C}.Ad-Hoc|iPhone.Deploy.0 = Debug|x86
		{F35D0AD7-4DE7-4931-8493-D1879052961C}.Ad-Hoc|iPhoneSimulator.ActiveCfg = Debug|x86
		{F35D0AD7-4DE7-4931-8493-D1879052961C}.Ad-Hoc|iPhoneSimulator.Build.0 = Debug|x86
		{F35D0AD7-4DE7-4931-8493-D1879052961C}.Ad-Hoc|iPhoneSimulator.Deploy.0 = Debug|x86
		{F35D0AD7-4DE7-4931-8493-D1879052961C}.Ad-Hoc|x64.ActiveCfg = Debug|x64
		{F35D0AD7-4DE7-4931-8493-D1879052961C}.Ad-Hoc|x64.Build.0 = Debug|x64
		{F35D0AD7-4DE7-4931-8493-D1879052961C}.Ad-Hoc|x64.Deploy.0 = Debug|x64
		{F35D0AD7-4DE7-4931-8493-D1879052961C}.Ad-Hoc|x86.ActiveCfg = Debug|x86
		{F35D0AD7-4DE7-4931-8493-D1879052961C}.Ad-Hoc|x86.Build.0 = Debug|x86
		{F35D0AD7-4DE7-4931-8493-D1879052961C}.Ad-Hoc|x86.Deploy.0 = Debug|x86
		{F35D0AD7-4DE7-4931-8493-D1879052961C}.AppStore|Any CPU.ActiveCfg = Debug|x86
		{F35D0AD7-4DE7-4931-8493-D1879052961C}.AppStore|Any CPU.Build.0 = Debug|x86
		{F35D0AD7-4DE7-4931-8493-D1879052961C}.AppStore|Any CPU.Deploy.0 = Debug|x86
		{F35D0AD7-4DE7-4931-8493-D1879052961C}.AppStore|ARM.ActiveCfg = Debug|ARM
		{F35D0AD7-4DE7-4931-8493-D1879052961C}.AppStore|ARM.Build.0 = Debug|ARM
		{F35D0AD7-4DE7-4931-8493-D1879052961C}.AppStore|ARM.Deploy.0 = Debug|ARM
		{F35D0AD7-4DE7-4931-8493-D1879052961C}.AppStore|ARM64.ActiveCfg = Debug|ARM64
		{F35D0AD7-4DE7-4931-8493-D1879052961C}.AppStore|ARM64.Build.0 = Debug|ARM64
		{F35D0AD7-4DE7-4931-8493-D1879052961C}.AppStore|ARM64.Deploy.0 = Debug|ARM64
		{F35D0AD7-4DE7-4931-8493-D1879052961C}.AppStore|iPhone.ActiveCfg = Debug|x86
		{F35D0AD7-4DE7-4931-8493-D1879052961C}.AppStore|iPhone.Build.0 = Debug|x86
		{F35D0AD7-4DE7-4931-8493-D1879052961C}.AppStore|iPhone.Deploy.0 = Debug|x86
		{F35D0AD7-4DE7-4931-8493-D1879052961C}.AppStore|iPhoneSimulator.ActiveCfg = Debug|x86
		{F35D0AD7-4DE7-4931-8493-D1879052961C}.AppStore|iPhoneSimulator.Build.0 = Debug|x86
		{F35D0AD7-4DE7-4931-8493-D1879052961C}.AppStore|iPhoneSimulator.Deploy.0 = Debug|x86
		{F35D0AD7-4DE7-4931-8493-D1879052961C}.AppStore|x64.ActiveCfg = Debug|x64
		{F35D0AD7-4DE7-4931-8493-D1879052961C}.AppStore|x64.Build.0 = Debug|x64
		{F35D0AD7-4DE7-4931-8493-D1879052961C}.AppStore|x64.Deploy.0 = Debug|x64
		{F35D0AD7-4DE7-4931-8493-D1879052961C}.AppStore|x86.ActiveCfg = Debug|x86
		{F35D0AD7-4DE7-4931-8493-D1879052961C}.AppStore|x86.Build.0 = Debug|x86
		{F35D0AD7-4DE7-4931-8493-D1879052961C}.AppStore|x86.Deploy.0 = Debug|x86
		{F35D0AD7-4DE7-4931-8493-D1879052961C}.Debug|Any CPU.ActiveCfg = Debug|x64
		{F35D0AD7-4DE7-4931-8493-D1879052961C}.Debug|Any CPU.Build.0 = Debug|x64
		{F35D0AD7-4DE7-4931-8493-D1879052961C}.Debug|Any CPU.Deploy.0 = Debug|x64
		{F35D0AD7-4DE7-4931-8493-D1879052961C}.Debug|ARM.ActiveCfg = Debug|ARM
		{F35D0AD7-4DE7-4931-8493-D1879052961C}.Debug|ARM.Build.0 = Debug|ARM
		{F35D0AD7-4DE7-4931-8493-D1879052961C}.Debug|ARM.Deploy.0 = Debug|ARM
		{F35D0AD7-4DE7-4931-8493-D1879052961C}.Debug|ARM64.ActiveCfg = Debug|ARM64
		{F35D0AD7-4DE7-4931-8493-D1879052961C}.Debug|ARM64.Build.0 = Debug|ARM64
		{F35D0AD7-4DE7-4931-8493-D1879052961C}.Debug|ARM64.Deploy.0 = Debug|ARM64
		{F35D0AD7-4DE7-4931-8493-D1879052961C}.Debug|iPhone.ActiveCfg = Debug|x64
		{F35D0AD7-4DE7-4931-8493-D1879052961C}.Debug|iPhone.Build.0 = Debug|x64
		{F35D0AD7-4DE7-4931-8493-D1879052961C}.Debug|iPhone.Deploy.0 = Debug|x64
		{F35D0AD7-4DE7-4931-8493-D1879052961C}.Debug|iPhoneSimulator.ActiveCfg = Debug|x64
		{F35D0AD7-4DE7-4931-8493-D1879052961C}.Debug|iPhoneSimulator.Build.0 = Debug|x64
		{F35D0AD7-4DE7-4931-8493-D1879052961C}.Debug|iPhoneSimulator.Deploy.0 = Debug|x64
		{F35D0AD7-4DE7-4931-8493-D1879052961C}.Debug|x64.ActiveCfg = Debug|x64
		{F35D0AD7-4DE7-4931-8493-D1879052961C}.Debug|x64.Build.0 = Debug|x64
		{F35D0AD7-4DE7-4931-8493-D1879052961C}.Debug|x64.Deploy.0 = Debug|x64
		{F35D0AD7-4DE7-4931-8493-D1879052961C}.Debug|x86.ActiveCfg = Debug|x86
		{F35D0AD7-4DE7-4931-8493-D1879052961C}.Debug|x86.Build.0 = Debug|x86
		{F35D0AD7-4DE7-4931-8493-D1879052961C}.Debug|x86.Deploy.0 = Debug|x86
		{F35D0AD7-4DE7-4931-8493-D1879052961C}.Release|Any CPU.ActiveCfg = Release|x64
		{F35D0AD7-4DE7-4931-8493-D1879052961C}.Release|Any CPU.Build.0 = Release|x64
		{F35D0AD7-4DE7-4931-8493-D1879052961C}.Release|Any CPU.Deploy.0 = Release|x64
		{F35D0AD7-4DE7-4931-8493-D1879052961C}.Release|ARM.ActiveCfg = Release|ARM
		{F35D0AD7-4DE7-4931-8493-D1879052961C}.Release|ARM.Build.0 = Release|ARM
		{F35D0AD7-4DE7-4931-8493-D1879052961C}.Release|ARM.Deploy.0 = Release|ARM
		{F35D0AD7-4DE7-4931-8493-D1879052961C}.Release|ARM64.ActiveCfg = Release|ARM64
		{F35D0AD7-4DE7-4931-8493-D1879052961C}.Release|ARM64.Build.0 = Release|ARM64
		{F35D0AD7-4DE7-4931-8493-D1879052961C}.Release|ARM64.Deploy.0 = Release|ARM64
		{F35D0AD7-4DE7-4931-8493-D1879052961C}.Release|iPhone.ActiveCfg = Release|x64
		{F35D0AD7-4DE7-4931-8493-D1879052961C}.Release|iPhone.Build.0 = Release|x64
		{F35D0AD7-4DE7-4931-8493-D1879052961C}.Release|iPhone.Deploy.0 = Release|x64
		{F35D0AD7-4DE7-4931-8493-D1879052961C}.Release|iPhoneSimulator.ActiveCfg = Release|x64
		{F35D0AD7-4DE7-4931-8493-D1879052961C}.Release|iPhoneSimulator.Build.0 = Release|x64
		{F35D0AD7-4DE7-4931-8493-D1879052961C}.Release|iPhoneSimulator.Deploy.0 = Release|x64
		{F35D0AD7-4DE7-4931-8493-D1879052961C}.Release|x64.ActiveCfg = Release|x64
		{F35D0AD7-4DE7-4931-8493-D1879052961C}.Release|x64.Build.0 = Release|x64
		{F35D0AD7-4DE7-4931-8493-D1879052961C}.Release|x64.Deploy.0 = Release|x64
		{F35D0AD7-4DE7-4931-8493-D1879052961C}.Release|x86.ActiveCfg = Release|x86
		{F35D0AD7-4DE7-4931-8493-D1879052961C}.Release|x86.Build.0 = Release|x86
		{F35D0AD7-4DE7-4931-8493-D1879052961C}.Release|x86.Deploy.0 = Release|x86
		{A28537A4-64FF-4F45-9805-626391BC6648}.Ad-Hoc|Any CPU.ActiveCfg = Debug|Any CPU
		{A28537A4-64FF-4F45-9805-626391BC6648}.Ad-Hoc|Any CPU.Build.0 = Debug|Any CPU
		{A28537A4-64FF-4F45-9805-626391BC6648}.Ad-Hoc|ARM.ActiveCfg = Debug|Any CPU
		{A28537A4-64FF-4F45-9805-626391BC6648}.Ad-Hoc|ARM.Build.0 = Debug|Any CPU
		{A28537A4-64FF-4F45-9805-626391BC6648}.Ad-Hoc|ARM64.ActiveCfg = Debug|Any CPU
		{A28537A4-64FF-4F45-9805-626391BC6648}.Ad-Hoc|ARM64.Build.0 = Debug|Any CPU
		{A28537A4-64FF-4F45-9805-626391BC6648}.Ad-Hoc|iPhone.ActiveCfg = Debug|Any CPU
		{A28537A4-64FF-4F45-9805-626391BC6648}.Ad-Hoc|iPhone.Build.0 = Debug|Any CPU
		{A28537A4-64FF-4F45-9805-626391BC6648}.Ad-Hoc|iPhoneSimulator.ActiveCfg = Debug|Any CPU
		{A28537A4-64FF-4F45-9805-626391BC6648}.Ad-Hoc|iPhoneSimulator.Build.0 = Debug|Any CPU
		{A28537A4-64FF-4F45-9805-626391BC6648}.Ad-Hoc|x64.ActiveCfg = Debug|Any CPU
		{A28537A4-64FF-4F45-9805-626391BC6648}.Ad-Hoc|x64.Build.0 = Debug|Any CPU
		{A28537A4-64FF-4F45-9805-626391BC6648}.Ad-Hoc|x86.ActiveCfg = Debug|Any CPU
		{A28537A4-64FF-4F45-9805-626391BC6648}.Ad-Hoc|x86.Build.0 = Debug|Any CPU
		{A28537A4-64FF-4F45-9805-626391BC6648}.AppStore|Any CPU.ActiveCfg = Debug|Any CPU
		{A28537A4-64FF-4F45-9805-626391BC6648}.AppStore|Any CPU.Build.0 = Debug|Any CPU
		{A28537A4-64FF-4F45-9805-626391BC6648}.AppStore|ARM.ActiveCfg = Debug|Any CPU
		{A28537A4-64FF-4F45-9805-626391BC6648}.AppStore|ARM.Build.0 = Debug|Any CPU
		{A28537A4-64FF-4F45-9805-626391BC6648}.AppStore|ARM64.ActiveCfg = Debug|Any CPU
		{A28537A4-64FF-4F45-9805-626391BC6648}.AppStore|ARM64.Build.0 = Debug|Any CPU
		{A28537A4-64FF-4F45-9805-626391BC6648}.AppStore|iPhone.ActiveCfg = Debug|Any CPU
		{A28537A4-64FF-4F45-9805-626391BC6648}.AppStore|iPhone.Build.0 = Debug|Any CPU
		{A28537A4-64FF-4F45-9805-626391BC6648}.AppStore|iPhoneSimulator.ActiveCfg = Debug|Any CPU
		{A28537A4-64FF-4F45-9805-626391BC6648}.AppStore|iPhoneSimulator.Build.0 = Debug|Any CPU
		{A28537A4-64FF-4F45-9805-626391BC6648}.AppStore|x64.ActiveCfg = Debug|Any CPU
		{A28537A4-64FF-4F45-9805-626391BC6648}.AppStore|x64.Build.0 = Debug|Any CPU
		{A28537A4-64FF-4F45-9805-626391BC6648}.AppStore|x86.ActiveCfg = Debug|Any CPU
		{A28537A4-64FF-4F45-9805-626391BC6648}.AppStore|x86.Build.0 = Debug|Any CPU
		{A28537A4-64FF-4F45-9805-626391BC6648}.Debug|Any CPU.ActiveCfg = Debug|Any CPU
		{A28537A4-64FF-4F45-9805-626391BC6648}.Debug|Any CPU.Build.0 = Debug|Any CPU
		{A28537A4-64FF-4F45-9805-626391BC6648}.Debug|ARM.ActiveCfg = Debug|Any CPU
		{A28537A4-64FF-4F45-9805-626391BC6648}.Debug|ARM.Build.0 = Debug|Any CPU
		{A28537A4-64FF-4F45-9805-626391BC6648}.Debug|ARM64.ActiveCfg = Debug|Any CPU
		{A28537A4-64FF-4F45-9805-626391BC6648}.Debug|ARM64.Build.0 = Debug|Any CPU
		{A28537A4-64FF-4F45-9805-626391BC6648}.Debug|iPhone.ActiveCfg = Debug|Any CPU
		{A28537A4-64FF-4F45-9805-626391BC6648}.Debug|iPhone.Build.0 = Debug|Any CPU
		{A28537A4-64FF-4F45-9805-626391BC6648}.Debug|iPhoneSimulator.ActiveCfg = Debug|Any CPU
		{A28537A4-64FF-4F45-9805-626391BC6648}.Debug|iPhoneSimulator.Build.0 = Debug|Any CPU
		{A28537A4-64FF-4F45-9805-626391BC6648}.Debug|x64.ActiveCfg = Debug|Any CPU
		{A28537A4-64FF-4F45-9805-626391BC6648}.Debug|x64.Build.0 = Debug|Any CPU
		{A28537A4-64FF-4F45-9805-626391BC6648}.Debug|x86.ActiveCfg = Debug|Any CPU
		{A28537A4-64FF-4F45-9805-626391BC6648}.Debug|x86.Build.0 = Debug|Any CPU
		{A28537A4-64FF-4F45-9805-626391BC6648}.Release|Any CPU.ActiveCfg = Release|Any CPU
		{A28537A4-64FF-4F45-9805-626391BC6648}.Release|Any CPU.Build.0 = Release|Any CPU
		{A28537A4-64FF-4F45-9805-626391BC6648}.Release|ARM.ActiveCfg = Release|Any CPU
		{A28537A4-64FF-4F45-9805-626391BC6648}.Release|ARM.Build.0 = Release|Any CPU
		{A28537A4-64FF-4F45-9805-626391BC6648}.Release|ARM64.ActiveCfg = Release|Any CPU
		{A28537A4-64FF-4F45-9805-626391BC6648}.Release|ARM64.Build.0 = Release|Any CPU
		{A28537A4-64FF-4F45-9805-626391BC6648}.Release|iPhone.ActiveCfg = Release|Any CPU
		{A28537A4-64FF-4F45-9805-626391BC6648}.Release|iPhone.Build.0 = Release|Any CPU
		{A28537A4-64FF-4F45-9805-626391BC6648}.Release|iPhoneSimulator.ActiveCfg = Release|Any CPU
		{A28537A4-64FF-4F45-9805-626391BC6648}.Release|iPhoneSimulator.Build.0 = Release|Any CPU
		{A28537A4-64FF-4F45-9805-626391BC6648}.Release|x64.ActiveCfg = Release|Any CPU
		{A28537A4-64FF-4F45-9805-626391BC6648}.Release|x64.Build.0 = Release|Any CPU
		{A28537A4-64FF-4F45-9805-626391BC6648}.Release|x86.ActiveCfg = Release|Any CPU
		{A28537A4-64FF-4F45-9805-626391BC6648}.Release|x86.Build.0 = Release|Any CPU
		{4FF671EB-EBB5-43C8-B550-F7F551FD4408}.Ad-Hoc|Any CPU.ActiveCfg = Debug|iPhoneSimulator
		{4FF671EB-EBB5-43C8-B550-F7F551FD4408}.Ad-Hoc|Any CPU.Build.0 = Debug|iPhoneSimulator
		{4FF671EB-EBB5-43C8-B550-F7F551FD4408}.Ad-Hoc|ARM.ActiveCfg = Debug|iPhoneSimulator
		{4FF671EB-EBB5-43C8-B550-F7F551FD4408}.Ad-Hoc|ARM.Build.0 = Debug|iPhoneSimulator
		{4FF671EB-EBB5-43C8-B550-F7F551FD4408}.Ad-Hoc|ARM64.ActiveCfg = Debug|iPhoneSimulator
		{4FF671EB-EBB5-43C8-B550-F7F551FD4408}.Ad-Hoc|ARM64.Build.0 = Debug|iPhoneSimulator
		{4FF671EB-EBB5-43C8-B550-F7F551FD4408}.Ad-Hoc|iPhone.ActiveCfg = Debug|iPhoneSimulator
		{4FF671EB-EBB5-43C8-B550-F7F551FD4408}.Ad-Hoc|iPhone.Build.0 = Debug|iPhoneSimulator
		{4FF671EB-EBB5-43C8-B550-F7F551FD4408}.Ad-Hoc|iPhoneSimulator.ActiveCfg = Debug|iPhoneSimulator
		{4FF671EB-EBB5-43C8-B550-F7F551FD4408}.Ad-Hoc|iPhoneSimulator.Build.0 = Debug|iPhoneSimulator
		{4FF671EB-EBB5-43C8-B550-F7F551FD4408}.Ad-Hoc|x64.ActiveCfg = Debug|iPhoneSimulator
		{4FF671EB-EBB5-43C8-B550-F7F551FD4408}.Ad-Hoc|x64.Build.0 = Debug|iPhoneSimulator
		{4FF671EB-EBB5-43C8-B550-F7F551FD4408}.Ad-Hoc|x86.ActiveCfg = Debug|iPhoneSimulator
		{4FF671EB-EBB5-43C8-B550-F7F551FD4408}.Ad-Hoc|x86.Build.0 = Debug|iPhoneSimulator
		{4FF671EB-EBB5-43C8-B550-F7F551FD4408}.AppStore|Any CPU.ActiveCfg = Debug|iPhoneSimulator
		{4FF671EB-EBB5-43C8-B550-F7F551FD4408}.AppStore|Any CPU.Build.0 = Debug|iPhoneSimulator
		{4FF671EB-EBB5-43C8-B550-F7F551FD4408}.AppStore|ARM.ActiveCfg = Debug|iPhoneSimulator
		{4FF671EB-EBB5-43C8-B550-F7F551FD4408}.AppStore|ARM.Build.0 = Debug|iPhoneSimulator
		{4FF671EB-EBB5-43C8-B550-F7F551FD4408}.AppStore|ARM64.ActiveCfg = Debug|iPhoneSimulator
		{4FF671EB-EBB5-43C8-B550-F7F551FD4408}.AppStore|ARM64.Build.0 = Debug|iPhoneSimulator
		{4FF671EB-EBB5-43C8-B550-F7F551FD4408}.AppStore|iPhone.ActiveCfg = Debug|iPhoneSimulator
		{4FF671EB-EBB5-43C8-B550-F7F551FD4408}.AppStore|iPhone.Build.0 = Debug|iPhoneSimulator
		{4FF671EB-EBB5-43C8-B550-F7F551FD4408}.AppStore|iPhoneSimulator.ActiveCfg = Debug|iPhoneSimulator
		{4FF671EB-EBB5-43C8-B550-F7F551FD4408}.AppStore|iPhoneSimulator.Build.0 = Debug|iPhoneSimulator
		{4FF671EB-EBB5-43C8-B550-F7F551FD4408}.AppStore|x64.ActiveCfg = Debug|iPhoneSimulator
		{4FF671EB-EBB5-43C8-B550-F7F551FD4408}.AppStore|x64.Build.0 = Debug|iPhoneSimulator
		{4FF671EB-EBB5-43C8-B550-F7F551FD4408}.AppStore|x86.ActiveCfg = Debug|iPhoneSimulator
		{4FF671EB-EBB5-43C8-B550-F7F551FD4408}.AppStore|x86.Build.0 = Debug|iPhoneSimulator
		{4FF671EB-EBB5-43C8-B550-F7F551FD4408}.Debug|Any CPU.ActiveCfg = Debug|iPhoneSimulator
		{4FF671EB-EBB5-43C8-B550-F7F551FD4408}.Debug|Any CPU.Build.0 = Debug|iPhoneSimulator
		{4FF671EB-EBB5-43C8-B550-F7F551FD4408}.Debug|ARM.ActiveCfg = Debug|iPhoneSimulator
		{4FF671EB-EBB5-43C8-B550-F7F551FD4408}.Debug|ARM.Build.0 = Debug|iPhoneSimulator
		{4FF671EB-EBB5-43C8-B550-F7F551FD4408}.Debug|ARM64.ActiveCfg = Debug|iPhoneSimulator
		{4FF671EB-EBB5-43C8-B550-F7F551FD4408}.Debug|ARM64.Build.0 = Debug|iPhoneSimulator
		{4FF671EB-EBB5-43C8-B550-F7F551FD4408}.Debug|iPhone.ActiveCfg = Debug|iPhoneSimulator
		{4FF671EB-EBB5-43C8-B550-F7F551FD4408}.Debug|iPhone.Build.0 = Debug|iPhoneSimulator
		{4FF671EB-EBB5-43C8-B550-F7F551FD4408}.Debug|iPhoneSimulator.ActiveCfg = Debug|iPhoneSimulator
		{4FF671EB-EBB5-43C8-B550-F7F551FD4408}.Debug|iPhoneSimulator.Build.0 = Debug|iPhoneSimulator
		{4FF671EB-EBB5-43C8-B550-F7F551FD4408}.Debug|x64.ActiveCfg = Debug|iPhoneSimulator
		{4FF671EB-EBB5-43C8-B550-F7F551FD4408}.Debug|x64.Build.0 = Debug|iPhoneSimulator
		{4FF671EB-EBB5-43C8-B550-F7F551FD4408}.Debug|x86.ActiveCfg = Debug|iPhoneSimulator
		{4FF671EB-EBB5-43C8-B550-F7F551FD4408}.Debug|x86.Build.0 = Debug|iPhoneSimulator
		{4FF671EB-EBB5-43C8-B550-F7F551FD4408}.Release|Any CPU.ActiveCfg = Release|iPhoneSimulator
		{4FF671EB-EBB5-43C8-B550-F7F551FD4408}.Release|Any CPU.Build.0 = Release|iPhoneSimulator
		{4FF671EB-EBB5-43C8-B550-F7F551FD4408}.Release|ARM.ActiveCfg = Release|iPhoneSimulator
		{4FF671EB-EBB5-43C8-B550-F7F551FD4408}.Release|ARM.Build.0 = Release|iPhoneSimulator
		{4FF671EB-EBB5-43C8-B550-F7F551FD4408}.Release|ARM64.ActiveCfg = Release|iPhoneSimulator
		{4FF671EB-EBB5-43C8-B550-F7F551FD4408}.Release|ARM64.Build.0 = Release|iPhoneSimulator
		{4FF671EB-EBB5-43C8-B550-F7F551FD4408}.Release|iPhone.ActiveCfg = Release|iPhoneSimulator
		{4FF671EB-EBB5-43C8-B550-F7F551FD4408}.Release|iPhone.Build.0 = Release|iPhoneSimulator
		{4FF671EB-EBB5-43C8-B550-F7F551FD4408}.Release|iPhoneSimulator.ActiveCfg = Release|iPhoneSimulator
		{4FF671EB-EBB5-43C8-B550-F7F551FD4408}.Release|iPhoneSimulator.Build.0 = Release|iPhoneSimulator
		{4FF671EB-EBB5-43C8-B550-F7F551FD4408}.Release|x64.ActiveCfg = Release|iPhoneSimulator
		{4FF671EB-EBB5-43C8-B550-F7F551FD4408}.Release|x64.Build.0 = Release|iPhoneSimulator
		{4FF671EB-EBB5-43C8-B550-F7F551FD4408}.Release|x86.ActiveCfg = Release|iPhoneSimulator
		{4FF671EB-EBB5-43C8-B550-F7F551FD4408}.Release|x86.Build.0 = Release|iPhoneSimulator
		{0C1C8E66-B5A7-431A-B38B-DB7FF1F5977E}.Ad-Hoc|Any CPU.ActiveCfg = Debug|Any CPU
		{0C1C8E66-B5A7-431A-B38B-DB7FF1F5977E}.Ad-Hoc|Any CPU.Build.0 = Debug|Any CPU
		{0C1C8E66-B5A7-431A-B38B-DB7FF1F5977E}.Ad-Hoc|ARM.ActiveCfg = Debug|Any CPU
		{0C1C8E66-B5A7-431A-B38B-DB7FF1F5977E}.Ad-Hoc|ARM.Build.0 = Debug|Any CPU
		{0C1C8E66-B5A7-431A-B38B-DB7FF1F5977E}.Ad-Hoc|ARM64.ActiveCfg = Debug|Any CPU
		{0C1C8E66-B5A7-431A-B38B-DB7FF1F5977E}.Ad-Hoc|ARM64.Build.0 = Debug|Any CPU
		{0C1C8E66-B5A7-431A-B38B-DB7FF1F5977E}.Ad-Hoc|iPhone.ActiveCfg = Debug|Any CPU
		{0C1C8E66-B5A7-431A-B38B-DB7FF1F5977E}.Ad-Hoc|iPhone.Build.0 = Debug|Any CPU
		{0C1C8E66-B5A7-431A-B38B-DB7FF1F5977E}.Ad-Hoc|iPhoneSimulator.ActiveCfg = Debug|Any CPU
		{0C1C8E66-B5A7-431A-B38B-DB7FF1F5977E}.Ad-Hoc|iPhoneSimulator.Build.0 = Debug|Any CPU
		{0C1C8E66-B5A7-431A-B38B-DB7FF1F5977E}.Ad-Hoc|x64.ActiveCfg = Debug|Any CPU
		{0C1C8E66-B5A7-431A-B38B-DB7FF1F5977E}.Ad-Hoc|x64.Build.0 = Debug|Any CPU
		{0C1C8E66-B5A7-431A-B38B-DB7FF1F5977E}.Ad-Hoc|x86.ActiveCfg = Debug|Any CPU
		{0C1C8E66-B5A7-431A-B38B-DB7FF1F5977E}.Ad-Hoc|x86.Build.0 = Debug|Any CPU
		{0C1C8E66-B5A7-431A-B38B-DB7FF1F5977E}.AppStore|Any CPU.ActiveCfg = Debug|Any CPU
		{0C1C8E66-B5A7-431A-B38B-DB7FF1F5977E}.AppStore|Any CPU.Build.0 = Debug|Any CPU
		{0C1C8E66-B5A7-431A-B38B-DB7FF1F5977E}.AppStore|ARM.ActiveCfg = Debug|Any CPU
		{0C1C8E66-B5A7-431A-B38B-DB7FF1F5977E}.AppStore|ARM.Build.0 = Debug|Any CPU
		{0C1C8E66-B5A7-431A-B38B-DB7FF1F5977E}.AppStore|ARM64.ActiveCfg = Debug|Any CPU
		{0C1C8E66-B5A7-431A-B38B-DB7FF1F5977E}.AppStore|ARM64.Build.0 = Debug|Any CPU
		{0C1C8E66-B5A7-431A-B38B-DB7FF1F5977E}.AppStore|iPhone.ActiveCfg = Debug|Any CPU
		{0C1C8E66-B5A7-431A-B38B-DB7FF1F5977E}.AppStore|iPhone.Build.0 = Debug|Any CPU
		{0C1C8E66-B5A7-431A-B38B-DB7FF1F5977E}.AppStore|iPhoneSimulator.ActiveCfg = Debug|Any CPU
		{0C1C8E66-B5A7-431A-B38B-DB7FF1F5977E}.AppStore|iPhoneSimulator.Build.0 = Debug|Any CPU
		{0C1C8E66-B5A7-431A-B38B-DB7FF1F5977E}.AppStore|x64.ActiveCfg = Debug|Any CPU
		{0C1C8E66-B5A7-431A-B38B-DB7FF1F5977E}.AppStore|x64.Build.0 = Debug|Any CPU
		{0C1C8E66-B5A7-431A-B38B-DB7FF1F5977E}.AppStore|x86.ActiveCfg = Debug|Any CPU
		{0C1C8E66-B5A7-431A-B38B-DB7FF1F5977E}.AppStore|x86.Build.0 = Debug|Any CPU
		{0C1C8E66-B5A7-431A-B38B-DB7FF1F5977E}.Debug|Any CPU.ActiveCfg = Debug|Any CPU
		{0C1C8E66-B5A7-431A-B38B-DB7FF1F5977E}.Debug|Any CPU.Build.0 = Debug|Any CPU
		{0C1C8E66-B5A7-431A-B38B-DB7FF1F5977E}.Debug|ARM.ActiveCfg = Debug|Any CPU
		{0C1C8E66-B5A7-431A-B38B-DB7FF1F5977E}.Debug|ARM.Build.0 = Debug|Any CPU
		{0C1C8E66-B5A7-431A-B38B-DB7FF1F5977E}.Debug|ARM64.ActiveCfg = Debug|Any CPU
		{0C1C8E66-B5A7-431A-B38B-DB7FF1F5977E}.Debug|ARM64.Build.0 = Debug|Any CPU
		{0C1C8E66-B5A7-431A-B38B-DB7FF1F5977E}.Debug|iPhone.ActiveCfg = Debug|Any CPU
		{0C1C8E66-B5A7-431A-B38B-DB7FF1F5977E}.Debug|iPhone.Build.0 = Debug|Any CPU
		{0C1C8E66-B5A7-431A-B38B-DB7FF1F5977E}.Debug|iPhoneSimulator.ActiveCfg = Debug|Any CPU
		{0C1C8E66-B5A7-431A-B38B-DB7FF1F5977E}.Debug|iPhoneSimulator.Build.0 = Debug|Any CPU
		{0C1C8E66-B5A7-431A-B38B-DB7FF1F5977E}.Debug|x64.ActiveCfg = Debug|Any CPU
		{0C1C8E66-B5A7-431A-B38B-DB7FF1F5977E}.Debug|x64.Build.0 = Debug|Any CPU
		{0C1C8E66-B5A7-431A-B38B-DB7FF1F5977E}.Debug|x86.ActiveCfg = Debug|Any CPU
		{0C1C8E66-B5A7-431A-B38B-DB7FF1F5977E}.Debug|x86.Build.0 = Debug|Any CPU
		{0C1C8E66-B5A7-431A-B38B-DB7FF1F5977E}.Release|Any CPU.ActiveCfg = Release|Any CPU
		{0C1C8E66-B5A7-431A-B38B-DB7FF1F5977E}.Release|Any CPU.Build.0 = Release|Any CPU
		{0C1C8E66-B5A7-431A-B38B-DB7FF1F5977E}.Release|ARM.ActiveCfg = Release|Any CPU
		{0C1C8E66-B5A7-431A-B38B-DB7FF1F5977E}.Release|ARM.Build.0 = Release|Any CPU
		{0C1C8E66-B5A7-431A-B38B-DB7FF1F5977E}.Release|ARM64.ActiveCfg = Release|Any CPU
		{0C1C8E66-B5A7-431A-B38B-DB7FF1F5977E}.Release|ARM64.Build.0 = Release|Any CPU
		{0C1C8E66-B5A7-431A-B38B-DB7FF1F5977E}.Release|iPhone.ActiveCfg = Release|Any CPU
		{0C1C8E66-B5A7-431A-B38B-DB7FF1F5977E}.Release|iPhone.Build.0 = Release|Any CPU
		{0C1C8E66-B5A7-431A-B38B-DB7FF1F5977E}.Release|iPhoneSimulator.ActiveCfg = Release|Any CPU
		{0C1C8E66-B5A7-431A-B38B-DB7FF1F5977E}.Release|iPhoneSimulator.Build.0 = Release|Any CPU
		{0C1C8E66-B5A7-431A-B38B-DB7FF1F5977E}.Release|x64.ActiveCfg = Release|Any CPU
		{0C1C8E66-B5A7-431A-B38B-DB7FF1F5977E}.Release|x64.Build.0 = Release|Any CPU
		{0C1C8E66-B5A7-431A-B38B-DB7FF1F5977E}.Release|x86.ActiveCfg = Release|Any CPU
		{0C1C8E66-B5A7-431A-B38B-DB7FF1F5977E}.Release|x86.Build.0 = Release|Any CPU
		{78AE429C-9BE3-49F0-A795-83C71D03C02D}.Ad-Hoc|Any CPU.ActiveCfg = Debug|Any CPU
		{78AE429C-9BE3-49F0-A795-83C71D03C02D}.Ad-Hoc|Any CPU.Build.0 = Debug|Any CPU
		{78AE429C-9BE3-49F0-A795-83C71D03C02D}.Ad-Hoc|ARM.ActiveCfg = Debug|Any CPU
		{78AE429C-9BE3-49F0-A795-83C71D03C02D}.Ad-Hoc|ARM.Build.0 = Debug|Any CPU
		{78AE429C-9BE3-49F0-A795-83C71D03C02D}.Ad-Hoc|ARM64.ActiveCfg = Debug|Any CPU
		{78AE429C-9BE3-49F0-A795-83C71D03C02D}.Ad-Hoc|ARM64.Build.0 = Debug|Any CPU
		{78AE429C-9BE3-49F0-A795-83C71D03C02D}.Ad-Hoc|iPhone.ActiveCfg = Debug|Any CPU
		{78AE429C-9BE3-49F0-A795-83C71D03C02D}.Ad-Hoc|iPhone.Build.0 = Debug|Any CPU
		{78AE429C-9BE3-49F0-A795-83C71D03C02D}.Ad-Hoc|iPhoneSimulator.ActiveCfg = Debug|Any CPU
		{78AE429C-9BE3-49F0-A795-83C71D03C02D}.Ad-Hoc|iPhoneSimulator.Build.0 = Debug|Any CPU
		{78AE429C-9BE3-49F0-A795-83C71D03C02D}.Ad-Hoc|x64.ActiveCfg = Debug|Any CPU
		{78AE429C-9BE3-49F0-A795-83C71D03C02D}.Ad-Hoc|x64.Build.0 = Debug|Any CPU
		{78AE429C-9BE3-49F0-A795-83C71D03C02D}.Ad-Hoc|x86.ActiveCfg = Debug|Any CPU
		{78AE429C-9BE3-49F0-A795-83C71D03C02D}.Ad-Hoc|x86.Build.0 = Debug|Any CPU
		{78AE429C-9BE3-49F0-A795-83C71D03C02D}.AppStore|Any CPU.ActiveCfg = Debug|Any CPU
		{78AE429C-9BE3-49F0-A795-83C71D03C02D}.AppStore|Any CPU.Build.0 = Debug|Any CPU
		{78AE429C-9BE3-49F0-A795-83C71D03C02D}.AppStore|ARM.ActiveCfg = Debug|Any CPU
		{78AE429C-9BE3-49F0-A795-83C71D03C02D}.AppStore|ARM.Build.0 = Debug|Any CPU
		{78AE429C-9BE3-49F0-A795-83C71D03C02D}.AppStore|ARM64.ActiveCfg = Debug|Any CPU
		{78AE429C-9BE3-49F0-A795-83C71D03C02D}.AppStore|ARM64.Build.0 = Debug|Any CPU
		{78AE429C-9BE3-49F0-A795-83C71D03C02D}.AppStore|iPhone.ActiveCfg = Debug|Any CPU
		{78AE429C-9BE3-49F0-A795-83C71D03C02D}.AppStore|iPhone.Build.0 = Debug|Any CPU
		{78AE429C-9BE3-49F0-A795-83C71D03C02D}.AppStore|iPhoneSimulator.ActiveCfg = Debug|Any CPU
		{78AE429C-9BE3-49F0-A795-83C71D03C02D}.AppStore|iPhoneSimulator.Build.0 = Debug|Any CPU
		{78AE429C-9BE3-49F0-A795-83C71D03C02D}.AppStore|x64.ActiveCfg = Debug|Any CPU
		{78AE429C-9BE3-49F0-A795-83C71D03C02D}.AppStore|x64.Build.0 = Debug|Any CPU
		{78AE429C-9BE3-49F0-A795-83C71D03C02D}.AppStore|x86.ActiveCfg = Debug|Any CPU
		{78AE429C-9BE3-49F0-A795-83C71D03C02D}.AppStore|x86.Build.0 = Debug|Any CPU
		{78AE429C-9BE3-49F0-A795-83C71D03C02D}.Debug|Any CPU.ActiveCfg = Debug|Any CPU
		{78AE429C-9BE3-49F0-A795-83C71D03C02D}.Debug|Any CPU.Build.0 = Debug|Any CPU
		{78AE429C-9BE3-49F0-A795-83C71D03C02D}.Debug|ARM.ActiveCfg = Debug|Any CPU
		{78AE429C-9BE3-49F0-A795-83C71D03C02D}.Debug|ARM.Build.0 = Debug|Any CPU
		{78AE429C-9BE3-49F0-A795-83C71D03C02D}.Debug|ARM64.ActiveCfg = Debug|Any CPU
		{78AE429C-9BE3-49F0-A795-83C71D03C02D}.Debug|ARM64.Build.0 = Debug|Any CPU
		{78AE429C-9BE3-49F0-A795-83C71D03C02D}.Debug|iPhone.ActiveCfg = Debug|Any CPU
		{78AE429C-9BE3-49F0-A795-83C71D03C02D}.Debug|iPhone.Build.0 = Debug|Any CPU
		{78AE429C-9BE3-49F0-A795-83C71D03C02D}.Debug|iPhoneSimulator.ActiveCfg = Debug|Any CPU
		{78AE429C-9BE3-49F0-A795-83C71D03C02D}.Debug|iPhoneSimulator.Build.0 = Debug|Any CPU
		{78AE429C-9BE3-49F0-A795-83C71D03C02D}.Debug|x64.ActiveCfg = Debug|Any CPU
		{78AE429C-9BE3-49F0-A795-83C71D03C02D}.Debug|x64.Build.0 = Debug|Any CPU
		{78AE429C-9BE3-49F0-A795-83C71D03C02D}.Debug|x86.ActiveCfg = Debug|Any CPU
		{78AE429C-9BE3-49F0-A795-83C71D03C02D}.Debug|x86.Build.0 = Debug|Any CPU
		{78AE429C-9BE3-49F0-A795-83C71D03C02D}.Release|Any CPU.ActiveCfg = Release|Any CPU
		{78AE429C-9BE3-49F0-A795-83C71D03C02D}.Release|Any CPU.Build.0 = Release|Any CPU
		{78AE429C-9BE3-49F0-A795-83C71D03C02D}.Release|ARM.ActiveCfg = Release|Any CPU
		{78AE429C-9BE3-49F0-A795-83C71D03C02D}.Release|ARM.Build.0 = Release|Any CPU
		{78AE429C-9BE3-49F0-A795-83C71D03C02D}.Release|ARM64.ActiveCfg = Release|Any CPU
		{78AE429C-9BE3-49F0-A795-83C71D03C02D}.Release|ARM64.Build.0 = Release|Any CPU
		{78AE429C-9BE3-49F0-A795-83C71D03C02D}.Release|iPhone.ActiveCfg = Release|Any CPU
		{78AE429C-9BE3-49F0-A795-83C71D03C02D}.Release|iPhone.Build.0 = Release|Any CPU
		{78AE429C-9BE3-49F0-A795-83C71D03C02D}.Release|iPhoneSimulator.ActiveCfg = Release|Any CPU
		{78AE429C-9BE3-49F0-A795-83C71D03C02D}.Release|iPhoneSimulator.Build.0 = Release|Any CPU
		{78AE429C-9BE3-49F0-A795-83C71D03C02D}.Release|x64.ActiveCfg = Release|Any CPU
		{78AE429C-9BE3-49F0-A795-83C71D03C02D}.Release|x64.Build.0 = Release|Any CPU
		{78AE429C-9BE3-49F0-A795-83C71D03C02D}.Release|x86.ActiveCfg = Release|Any CPU
		{78AE429C-9BE3-49F0-A795-83C71D03C02D}.Release|x86.Build.0 = Release|Any CPU
		{DEAF6839-EDCE-47A2-B7C6-EC5B9D33AE68}.Ad-Hoc|Any CPU.ActiveCfg = Debug|Any CPU
		{DEAF6839-EDCE-47A2-B7C6-EC5B9D33AE68}.Ad-Hoc|Any CPU.Build.0 = Debug|Any CPU
		{DEAF6839-EDCE-47A2-B7C6-EC5B9D33AE68}.Ad-Hoc|ARM.ActiveCfg = Debug|Any CPU
		{DEAF6839-EDCE-47A2-B7C6-EC5B9D33AE68}.Ad-Hoc|ARM.Build.0 = Debug|Any CPU
		{DEAF6839-EDCE-47A2-B7C6-EC5B9D33AE68}.Ad-Hoc|ARM64.ActiveCfg = Debug|Any CPU
		{DEAF6839-EDCE-47A2-B7C6-EC5B9D33AE68}.Ad-Hoc|ARM64.Build.0 = Debug|Any CPU
		{DEAF6839-EDCE-47A2-B7C6-EC5B9D33AE68}.Ad-Hoc|iPhone.ActiveCfg = Debug|Any CPU
		{DEAF6839-EDCE-47A2-B7C6-EC5B9D33AE68}.Ad-Hoc|iPhone.Build.0 = Debug|Any CPU
		{DEAF6839-EDCE-47A2-B7C6-EC5B9D33AE68}.Ad-Hoc|iPhoneSimulator.ActiveCfg = Debug|Any CPU
		{DEAF6839-EDCE-47A2-B7C6-EC5B9D33AE68}.Ad-Hoc|iPhoneSimulator.Build.0 = Debug|Any CPU
		{DEAF6839-EDCE-47A2-B7C6-EC5B9D33AE68}.Ad-Hoc|x64.ActiveCfg = Debug|Any CPU
		{DEAF6839-EDCE-47A2-B7C6-EC5B9D33AE68}.Ad-Hoc|x64.Build.0 = Debug|Any CPU
		{DEAF6839-EDCE-47A2-B7C6-EC5B9D33AE68}.Ad-Hoc|x86.ActiveCfg = Debug|Any CPU
		{DEAF6839-EDCE-47A2-B7C6-EC5B9D33AE68}.Ad-Hoc|x86.Build.0 = Debug|Any CPU
		{DEAF6839-EDCE-47A2-B7C6-EC5B9D33AE68}.AppStore|Any CPU.ActiveCfg = Debug|Any CPU
		{DEAF6839-EDCE-47A2-B7C6-EC5B9D33AE68}.AppStore|Any CPU.Build.0 = Debug|Any CPU
		{DEAF6839-EDCE-47A2-B7C6-EC5B9D33AE68}.AppStore|ARM.ActiveCfg = Debug|Any CPU
		{DEAF6839-EDCE-47A2-B7C6-EC5B9D33AE68}.AppStore|ARM.Build.0 = Debug|Any CPU
		{DEAF6839-EDCE-47A2-B7C6-EC5B9D33AE68}.AppStore|ARM64.ActiveCfg = Debug|Any CPU
		{DEAF6839-EDCE-47A2-B7C6-EC5B9D33AE68}.AppStore|ARM64.Build.0 = Debug|Any CPU
		{DEAF6839-EDCE-47A2-B7C6-EC5B9D33AE68}.AppStore|iPhone.ActiveCfg = Debug|Any CPU
		{DEAF6839-EDCE-47A2-B7C6-EC5B9D33AE68}.AppStore|iPhone.Build.0 = Debug|Any CPU
		{DEAF6839-EDCE-47A2-B7C6-EC5B9D33AE68}.AppStore|iPhoneSimulator.ActiveCfg = Debug|Any CPU
		{DEAF6839-EDCE-47A2-B7C6-EC5B9D33AE68}.AppStore|iPhoneSimulator.Build.0 = Debug|Any CPU
		{DEAF6839-EDCE-47A2-B7C6-EC5B9D33AE68}.AppStore|x64.ActiveCfg = Debug|Any CPU
		{DEAF6839-EDCE-47A2-B7C6-EC5B9D33AE68}.AppStore|x64.Build.0 = Debug|Any CPU
		{DEAF6839-EDCE-47A2-B7C6-EC5B9D33AE68}.AppStore|x86.ActiveCfg = Debug|Any CPU
		{DEAF6839-EDCE-47A2-B7C6-EC5B9D33AE68}.AppStore|x86.Build.0 = Debug|Any CPU
		{DEAF6839-EDCE-47A2-B7C6-EC5B9D33AE68}.Debug|Any CPU.ActiveCfg = Debug|Any CPU
		{DEAF6839-EDCE-47A2-B7C6-EC5B9D33AE68}.Debug|Any CPU.Build.0 = Debug|Any CPU
		{DEAF6839-EDCE-47A2-B7C6-EC5B9D33AE68}.Debug|ARM.ActiveCfg = Debug|Any CPU
		{DEAF6839-EDCE-47A2-B7C6-EC5B9D33AE68}.Debug|ARM.Build.0 = Debug|Any CPU
		{DEAF6839-EDCE-47A2-B7C6-EC5B9D33AE68}.Debug|ARM64.ActiveCfg = Debug|Any CPU
		{DEAF6839-EDCE-47A2-B7C6-EC5B9D33AE68}.Debug|ARM64.Build.0 = Debug|Any CPU
		{DEAF6839-EDCE-47A2-B7C6-EC5B9D33AE68}.Debug|iPhone.ActiveCfg = Debug|Any CPU
		{DEAF6839-EDCE-47A2-B7C6-EC5B9D33AE68}.Debug|iPhone.Build.0 = Debug|Any CPU
		{DEAF6839-EDCE-47A2-B7C6-EC5B9D33AE68}.Debug|iPhoneSimulator.ActiveCfg = Debug|Any CPU
		{DEAF6839-EDCE-47A2-B7C6-EC5B9D33AE68}.Debug|iPhoneSimulator.Build.0 = Debug|Any CPU
		{DEAF6839-EDCE-47A2-B7C6-EC5B9D33AE68}.Debug|x64.ActiveCfg = Debug|Any CPU
		{DEAF6839-EDCE-47A2-B7C6-EC5B9D33AE68}.Debug|x64.Build.0 = Debug|Any CPU
		{DEAF6839-EDCE-47A2-B7C6-EC5B9D33AE68}.Debug|x86.ActiveCfg = Debug|Any CPU
		{DEAF6839-EDCE-47A2-B7C6-EC5B9D33AE68}.Debug|x86.Build.0 = Debug|Any CPU
		{DEAF6839-EDCE-47A2-B7C6-EC5B9D33AE68}.Release|Any CPU.ActiveCfg = Release|Any CPU
		{DEAF6839-EDCE-47A2-B7C6-EC5B9D33AE68}.Release|Any CPU.Build.0 = Release|Any CPU
		{DEAF6839-EDCE-47A2-B7C6-EC5B9D33AE68}.Release|ARM.ActiveCfg = Release|Any CPU
		{DEAF6839-EDCE-47A2-B7C6-EC5B9D33AE68}.Release|ARM.Build.0 = Release|Any CPU
		{DEAF6839-EDCE-47A2-B7C6-EC5B9D33AE68}.Release|ARM64.ActiveCfg = Release|Any CPU
		{DEAF6839-EDCE-47A2-B7C6-EC5B9D33AE68}.Release|ARM64.Build.0 = Release|Any CPU
		{DEAF6839-EDCE-47A2-B7C6-EC5B9D33AE68}.Release|iPhone.ActiveCfg = Release|Any CPU
		{DEAF6839-EDCE-47A2-B7C6-EC5B9D33AE68}.Release|iPhone.Build.0 = Release|Any CPU
		{DEAF6839-EDCE-47A2-B7C6-EC5B9D33AE68}.Release|iPhoneSimulator.ActiveCfg = Release|Any CPU
		{DEAF6839-EDCE-47A2-B7C6-EC5B9D33AE68}.Release|iPhoneSimulator.Build.0 = Release|Any CPU
		{DEAF6839-EDCE-47A2-B7C6-EC5B9D33AE68}.Release|x64.ActiveCfg = Release|Any CPU
		{DEAF6839-EDCE-47A2-B7C6-EC5B9D33AE68}.Release|x64.Build.0 = Release|Any CPU
		{DEAF6839-EDCE-47A2-B7C6-EC5B9D33AE68}.Release|x86.ActiveCfg = Release|Any CPU
		{DEAF6839-EDCE-47A2-B7C6-EC5B9D33AE68}.Release|x86.Build.0 = Release|Any CPU
		{08B646AA-1CA7-42B1-AFC2-0AD4E1635B28}.Ad-Hoc|Any CPU.ActiveCfg = Debug|Any CPU
		{08B646AA-1CA7-42B1-AFC2-0AD4E1635B28}.Ad-Hoc|Any CPU.Build.0 = Debug|Any CPU
		{08B646AA-1CA7-42B1-AFC2-0AD4E1635B28}.Ad-Hoc|ARM.ActiveCfg = Debug|Any CPU
		{08B646AA-1CA7-42B1-AFC2-0AD4E1635B28}.Ad-Hoc|ARM.Build.0 = Debug|Any CPU
		{08B646AA-1CA7-42B1-AFC2-0AD4E1635B28}.Ad-Hoc|ARM64.ActiveCfg = Debug|Any CPU
		{08B646AA-1CA7-42B1-AFC2-0AD4E1635B28}.Ad-Hoc|ARM64.Build.0 = Debug|Any CPU
		{08B646AA-1CA7-42B1-AFC2-0AD4E1635B28}.Ad-Hoc|iPhone.ActiveCfg = Debug|Any CPU
		{08B646AA-1CA7-42B1-AFC2-0AD4E1635B28}.Ad-Hoc|iPhone.Build.0 = Debug|Any CPU
		{08B646AA-1CA7-42B1-AFC2-0AD4E1635B28}.Ad-Hoc|iPhoneSimulator.ActiveCfg = Debug|Any CPU
		{08B646AA-1CA7-42B1-AFC2-0AD4E1635B28}.Ad-Hoc|iPhoneSimulator.Build.0 = Debug|Any CPU
		{08B646AA-1CA7-42B1-AFC2-0AD4E1635B28}.Ad-Hoc|x64.ActiveCfg = Debug|Any CPU
		{08B646AA-1CA7-42B1-AFC2-0AD4E1635B28}.Ad-Hoc|x64.Build.0 = Debug|Any CPU
		{08B646AA-1CA7-42B1-AFC2-0AD4E1635B28}.Ad-Hoc|x86.ActiveCfg = Debug|Any CPU
		{08B646AA-1CA7-42B1-AFC2-0AD4E1635B28}.Ad-Hoc|x86.Build.0 = Debug|Any CPU
		{08B646AA-1CA7-42B1-AFC2-0AD4E1635B28}.AppStore|Any CPU.ActiveCfg = Debug|Any CPU
		{08B646AA-1CA7-42B1-AFC2-0AD4E1635B28}.AppStore|Any CPU.Build.0 = Debug|Any CPU
		{08B646AA-1CA7-42B1-AFC2-0AD4E1635B28}.AppStore|ARM.ActiveCfg = Debug|Any CPU
		{08B646AA-1CA7-42B1-AFC2-0AD4E1635B28}.AppStore|ARM.Build.0 = Debug|Any CPU
		{08B646AA-1CA7-42B1-AFC2-0AD4E1635B28}.AppStore|ARM64.ActiveCfg = Debug|Any CPU
		{08B646AA-1CA7-42B1-AFC2-0AD4E1635B28}.AppStore|ARM64.Build.0 = Debug|Any CPU
		{08B646AA-1CA7-42B1-AFC2-0AD4E1635B28}.AppStore|iPhone.ActiveCfg = Debug|Any CPU
		{08B646AA-1CA7-42B1-AFC2-0AD4E1635B28}.AppStore|iPhone.Build.0 = Debug|Any CPU
		{08B646AA-1CA7-42B1-AFC2-0AD4E1635B28}.AppStore|iPhoneSimulator.ActiveCfg = Debug|Any CPU
		{08B646AA-1CA7-42B1-AFC2-0AD4E1635B28}.AppStore|iPhoneSimulator.Build.0 = Debug|Any CPU
		{08B646AA-1CA7-42B1-AFC2-0AD4E1635B28}.AppStore|x64.ActiveCfg = Debug|Any CPU
		{08B646AA-1CA7-42B1-AFC2-0AD4E1635B28}.AppStore|x64.Build.0 = Debug|Any CPU
		{08B646AA-1CA7-42B1-AFC2-0AD4E1635B28}.AppStore|x86.ActiveCfg = Debug|Any CPU
		{08B646AA-1CA7-42B1-AFC2-0AD4E1635B28}.AppStore|x86.Build.0 = Debug|Any CPU
		{08B646AA-1CA7-42B1-AFC2-0AD4E1635B28}.Debug|Any CPU.ActiveCfg = Debug|Any CPU
		{08B646AA-1CA7-42B1-AFC2-0AD4E1635B28}.Debug|Any CPU.Build.0 = Debug|Any CPU
		{08B646AA-1CA7-42B1-AFC2-0AD4E1635B28}.Debug|ARM.ActiveCfg = Debug|Any CPU
		{08B646AA-1CA7-42B1-AFC2-0AD4E1635B28}.Debug|ARM.Build.0 = Debug|Any CPU
		{08B646AA-1CA7-42B1-AFC2-0AD4E1635B28}.Debug|ARM64.ActiveCfg = Debug|Any CPU
		{08B646AA-1CA7-42B1-AFC2-0AD4E1635B28}.Debug|ARM64.Build.0 = Debug|Any CPU
		{08B646AA-1CA7-42B1-AFC2-0AD4E1635B28}.Debug|iPhone.ActiveCfg = Debug|Any CPU
		{08B646AA-1CA7-42B1-AFC2-0AD4E1635B28}.Debug|iPhone.Build.0 = Debug|Any CPU
		{08B646AA-1CA7-42B1-AFC2-0AD4E1635B28}.Debug|iPhoneSimulator.ActiveCfg = Debug|Any CPU
		{08B646AA-1CA7-42B1-AFC2-0AD4E1635B28}.Debug|iPhoneSimulator.Build.0 = Debug|Any CPU
		{08B646AA-1CA7-42B1-AFC2-0AD4E1635B28}.Debug|x64.ActiveCfg = Debug|Any CPU
		{08B646AA-1CA7-42B1-AFC2-0AD4E1635B28}.Debug|x64.Build.0 = Debug|Any CPU
		{08B646AA-1CA7-42B1-AFC2-0AD4E1635B28}.Debug|x86.ActiveCfg = Debug|Any CPU
		{08B646AA-1CA7-42B1-AFC2-0AD4E1635B28}.Debug|x86.Build.0 = Debug|Any CPU
		{08B646AA-1CA7-42B1-AFC2-0AD4E1635B28}.Release|Any CPU.ActiveCfg = Release|Any CPU
		{08B646AA-1CA7-42B1-AFC2-0AD4E1635B28}.Release|Any CPU.Build.0 = Release|Any CPU
		{08B646AA-1CA7-42B1-AFC2-0AD4E1635B28}.Release|ARM.ActiveCfg = Release|Any CPU
		{08B646AA-1CA7-42B1-AFC2-0AD4E1635B28}.Release|ARM.Build.0 = Release|Any CPU
		{08B646AA-1CA7-42B1-AFC2-0AD4E1635B28}.Release|ARM64.ActiveCfg = Release|Any CPU
		{08B646AA-1CA7-42B1-AFC2-0AD4E1635B28}.Release|ARM64.Build.0 = Release|Any CPU
		{08B646AA-1CA7-42B1-AFC2-0AD4E1635B28}.Release|iPhone.ActiveCfg = Release|Any CPU
		{08B646AA-1CA7-42B1-AFC2-0AD4E1635B28}.Release|iPhone.Build.0 = Release|Any CPU
		{08B646AA-1CA7-42B1-AFC2-0AD4E1635B28}.Release|iPhoneSimulator.ActiveCfg = Release|Any CPU
		{08B646AA-1CA7-42B1-AFC2-0AD4E1635B28}.Release|iPhoneSimulator.Build.0 = Release|Any CPU
		{08B646AA-1CA7-42B1-AFC2-0AD4E1635B28}.Release|x64.ActiveCfg = Release|Any CPU
		{08B646AA-1CA7-42B1-AFC2-0AD4E1635B28}.Release|x64.Build.0 = Release|Any CPU
		{08B646AA-1CA7-42B1-AFC2-0AD4E1635B28}.Release|x86.ActiveCfg = Release|Any CPU
		{08B646AA-1CA7-42B1-AFC2-0AD4E1635B28}.Release|x86.Build.0 = Release|Any CPU
	EndGlobalSection
	GlobalSection(SolutionProperties) = preSolution
		HideSolutionNode = FALSE
	EndGlobalSection
	GlobalSection(NestedProjects) = preSolution
		{8429EDB0-1EB7-4265-AD95-23F7379E3B39} = {0239D11B-C5FB-486D-8079-BA7A336D3C92}
		{E324861F-4228-4791-867F-96257206311D} = {0239D11B-C5FB-486D-8079-BA7A336D3C92}
		{F35D0AD7-4DE7-4931-8493-D1879052961C} = {0239D11B-C5FB-486D-8079-BA7A336D3C92}
		{A28537A4-64FF-4F45-9805-626391BC6648} = {0239D11B-C5FB-486D-8079-BA7A336D3C92}
		{4FF671EB-EBB5-43C8-B550-F7F551FD4408} = {0239D11B-C5FB-486D-8079-BA7A336D3C92}
		{0C1C8E66-B5A7-431A-B38B-DB7FF1F5977E} = {0239D11B-C5FB-486D-8079-BA7A336D3C92}
		{78AE429C-9BE3-49F0-A795-83C71D03C02D} = {0239D11B-C5FB-486D-8079-BA7A336D3C92}
		{DEAF6839-EDCE-47A2-B7C6-EC5B9D33AE68} = {0239D11B-C5FB-486D-8079-BA7A336D3C92}
		{08B646AA-1CA7-42B1-AFC2-0AD4E1635B28} = {0239D11B-C5FB-486D-8079-BA7A336D3C92}
	EndGlobalSection
	GlobalSection(ExtensibilityGlobals) = postSolution
		SolutionGuid = {0E57069B-FFC8-4F51-868A-6D376801E2AD}
	EndGlobalSection
EndGlobal
